
Microsoft Visual Studio Solution File, Format Version 12.00
# Visual Studio Version 16
VisualStudioVersion = 16.0.29519.181
MinimumVisualStudioVersion = 10.0.40219.1
Project("{FAE04EC0-301F-11D3-BF4B-00C04F79EFBC}") = "Asso.YoutubeWordLearning", "Asso.YoutubeWordLearning\Asso.YoutubeWordLearning.csproj", "{B31533E2-6F66-41F5-89FC-B8A0CE9BC67A}"
EndProject
Global
	GlobalSection(SolutionConfigurationPlatforms) = preSolution
		Debug|Any CPU = Debug|Any CPU
		Release|Any CPU = Release|Any CPU
	EndGlobalSection
	GlobalSection(ProjectConfigurationPlatforms) = postSolution
		{B31533E2-6F66-41F5-89FC-B8A0CE9BC67A}.Debug|Any CPU.ActiveCfg = Debug|Any CPU
		{B31533E2-6F66-41F5-89FC-B8A0CE9BC67A}.Debug|Any CPU.Build.0 = Debug|Any CPU
		{B31533E2-6F66-41F5-89FC-B8A0CE9BC67A}.Release|Any CPU.ActiveCfg = Release|Any CPU
		{B31533E2-6F66-41F5-89FC-B8A0CE9BC67A}.Release|Any CPU.Build.0 = Release|Any CPU
	EndGlobalSection
	GlobalSection(SolutionProperties) = preSolution
		HideSolutionNode = FALSE
	EndGlobalSection
	GlobalSection(ExtensibilityGlobals) = postSolution
		SolutionGuid = {F0C24864-3D00-444C-8FC5-38BA9B0CDC79}
	EndGlobalSection
EndGlobal
